#
# This file is autogenerated by pip-compile with Python 3.13
# by the following command:
#
#    pip-compile --no-index --output-file=requirements.lock --strip-extras pyproject.toml
#
altair==6.2.2
    # via streamlit
annotated-doc==0.0.5
    # via typer
annotated-types==0.8.0
    # via pydantic
anthropic==1.2.0
    # via raggy (pyproject.toml)
anyio==4.14.2
    # via
    #   anthropic
    #   google-genai
    #   httpx
    #   httpx2
    #   openai
    #   starlette
    #   streamlit
attrs==26.1.0
    # via
    #   jsonschema
    #   referencing
blinker==1.9.0
    # via streamlit
certifi==2026.7.22
    # via
    #   httpcore
    #   httpx
    #   requests
cffi==2.1.1
    # via cryptography
charset-normalizer==3.5.1
    # via
    #   pdfminer-six
    #   requests
click==8.5.0
    # via
    #   huggingface-hub
    #   streamlit
    #   uvicorn
cloudpickle==3.1.2
    # via joblib
colorama==0.4.6
    # via
    #   tqdm
    #   typer
cryptography==50.0.1
    # via
    #   google-auth
    #   pdfminer-six
distro==1.9.0
    # via google-genai
docstring-parser==0.18.0
    # via anthropic
et-xmlfile==2.0.0
    # via openpyxl
filelock==3.32.5
    # via
    #   huggingface-hub
    #   torch
fsspec==2026.7.0
    # via
    #   huggingface-hub
    #   torch
google-auth==2.57.0
    # via google-genai
google-genai==2.21.0
    # via raggy (pyproject.toml)
grpcio==1.83.1
    # via qdrant-client
h11==0.16.0
    # via
    #   httpcore
    #   httpcore2
    #   uvicorn
h2==4.4.1
    # via httpx
hf-xet==1.6.0
    # via huggingface-hub
hpack==4.2.0
    # via h2
httpcore==1.0.9
    # via httpx
httpcore2==2.12.0
    # via httpx2
httptools==0.8.0
    # via streamlit
httpx==0.28.1
    # via
    #   google-genai
    #   huggingface-hub
    #   qdrant-client
httpx2==2.12.0
    # via
    #   anthropic
    #   openai
huggingface-hub==1.29.0
    # via
    #   sentence-transformers
    #   tokenizers
    #   transformers
hyperframe==6.1.0
    # via h2
idna==3.19
    # via
    #   anyio
    #   httpx
    #   httpx2
    #   requests
itsdangerous==2.2.0
    # via streamlit
jinja2==3.1.6
    # via
    #   altair
    #   pydeck
    #   raggy (pyproject.toml)
    #   torch
jiter==0.16.0
    # via
    #   anthropic
    #   openai
joblib==1.6.0
    # via scikit-learn
jsonschema==4.26.0
    # via altair
jsonschema-specifications==2025.9.1
    # via jsonschema
lxml==6.1.2
    # via python-docx
markdown-it-py==4.2.0
    # via rich
markupsafe==3.0.3
    # via jinja2
mdurl==0.1.2
    # via markdown-it-py
mpmath==1.3.0
    # via sympy
narwhals==2.25.0
    # via
    #   altair
    #   scikit-learn
networkx==3.6.1
    # via torch
numpy==2.5.2
    # via
    #   pandas
    #   pydeck
    #   qdrant-client
    #   scikit-learn
    #   scipy
    #   sentence-transformers
    #   streamlit
    #   transformers
openai==3.6.0
    # via raggy (pyproject.toml)
openpyxl==3.1.5
    # via raggy (pyproject.toml)
packaging==26.3
    # via
    #   altair
    #   huggingface-hub
    #   raggy (pyproject.toml)
    #   streamlit
    #   transformers
pandas==3.0.5
    # via streamlit
pdfminer-six==20260107
    # via pdfplumber
pdfplumber==0.11.10
    # via raggy (pyproject.toml)
pillow==12.3.0
    # via
    #   pdfplumber
    #   streamlit
portalocker==3.2.0
    # via qdrant-client
protobuf==7.36.1
    # via
    #   qdrant-client
    #   streamlit
psutil==7.2.2
    # via raggy (pyproject.toml)
pyarrow==25.0.1
    # via streamlit
pyasn1==0.6.4
    # via pyasn1-modules
pyasn1-modules==0.4.2
    # via google-auth
pycparser==3.0
    # via cffi
pydantic==2.13.5
    # via
    #   anthropic
    #   google-genai
    #   openai
    #   pydantic-settings
    #   qdrant-client
    #   raggy (pyproject.toml)
pydantic-core==2.46.5
    # via pydantic
pydantic-settings==2.15.0
    # via raggy (pyproject.toml)
pydeck==0.9.3
    # via streamlit
pygments==2.21.0
    # via rich
pypdfium2==5.13.0
    # via pdfplumber
python-dateutil==2.9.0.post0
    # via pandas
python-docx==1.2.0
    # via raggy (pyproject.toml)
python-dotenv==1.2.3
    # via
    #   pydantic-settings
    #   raggy (pyproject.toml)
python-multipart==0.0.32
    # via streamlit
pywin32==312
    # via portalocker
pyyaml==6.0.3
    # via
    #   huggingface-hub
    #   raggy (pyproject.toml)
    #   transformers
qdrant-client==1.19.0
    # via raggy (pyproject.toml)
referencing==0.37.0
    # via
    #   jsonschema
    #   jsonschema-specifications
regex==2026.9.3
    # via transformers
requests==2.34.2
    # via
    #   google-auth
    #   google-genai
    #   raggy (pyproject.toml)
    #   streamlit
rich==15.0.0
    # via typer
rpds-py==2026.6.3
    # via
    #   jsonschema
    #   referencing
safetensors==0.8.0
    # via transformers
scikit-learn==1.9.0
    # via sentence-transformers
scipy==1.18.1
    # via
    #   scikit-learn
    #   sentence-transformers
sentence-transformers==6.0.1
    # via raggy (pyproject.toml)
shellingham==1.5.4
    # via typer
six==1.17.0
    # via python-dateutil
sniffio==1.3.1
    # via
    #   anthropic
    #   google-genai
    #   openai
starlette==1.6.0
    # via streamlit
streamlit==1.62.0
    # via raggy (pyproject.toml)
sympy==1.14.0
    # via torch
tenacity==9.1.4
    # via google-genai
threadpoolctl==3.6.0
    # via scikit-learn
tokenizers==0.23.1
    # via
    #   sentence-transformers
    #   transformers
toml==0.10.2
    # via streamlit
torch==2.13.0
    # via sentence-transformers
tqdm==4.70.0
    # via
    #   huggingface-hub
    #   sentence-transformers
    #   transformers
transformers==5.16.1
    # via sentence-transformers
truststore==0.10.4
    # via
    #   httpcore2
    #   httpx2
typer==0.27.2
    # via transformers
typing-extensions==4.16.0
    # via
    #   altair
    #   anthropic
    #   google-genai
    #   grpcio
    #   huggingface-hub
    #   openai
    #   pydantic
    #   pydantic-core
    #   python-docx
    #   sentence-transformers
    #   streamlit
    #   torch
    #   typing-inspection
typing-inspection==0.4.4
    # via
    #   pydantic
    #   pydantic-settings
tzdata==2026.3
    # via pandas
urllib3==2.7.0
    # via
    #   qdrant-client
    #   requests
uvicorn==0.52.4
    # via streamlit
watchdog==6.0.0
    # via streamlit
websockets==16.1.1
    # via
    #   google-genai
    #   streamlit

# The following packages are considered to be unsafe in a requirements file:
# setuptools
